
Microsoft Visual Studio Solution File, Format Version 12.00
# Visual Studio Version 16
VisualStudioVersion = 16.0.30804.86
MinimumVisualStudioVersion = 10.0.40219.1
Project("{888888A0-9F3D-457C-B088-3A5042F75D52}") = "Bazy", "Bazy\Bazy.pyproj", "{2C9918D7-4B8A-49D7-AF02-980EC566A492}"
EndProject
Project("{2150E333-8FDC-42A3-9474-1A3956D46DE8}") = "Solution Items", "Solution Items", "{8F261DD4-B9CF-480A-A4E8-BA189D6D2C44}"
	ProjectSection(SolutionItems) = preProject
		Baza.sql = Baza.sql
	EndProjectSection
EndProject
Global
	GlobalSection(SolutionConfigurationPlatforms) = preSolution
		Debug|Any CPU = Debug|Any CPU
		Release|Any CPU = Release|Any CPU
	EndGlobalSection
	GlobalSection(ProjectConfigurationPlatforms) = postSolution
		{2C9918D7-4B8A-49D7-AF02-980EC566A492}.Debug|Any CPU.ActiveCfg = Debug|Any CPU
		{2C9918D7-4B8A-49D7-AF02-980EC566A492}.Release|Any CPU.ActiveCfg = Release|Any CPU
	EndGlobalSection
	GlobalSection(SolutionProperties) = preSolution
		HideSolutionNode = FALSE
	EndGlobalSection
	GlobalSection(ExtensibilityGlobals) = postSolution
		SolutionGuid = {F42E29E7-2FB1-448B-AEB1-0FD56B6D8F89}
	EndGlobalSection
EndGlobal
